
Microsoft Visual Studio Solution File, Format Version 12.00
# Visual Studio Version 16
VisualStudioVersion = 16.0.31410.357
MinimumVisualStudioVersion = 10.0.40219.1
Project("{9A19103F-16F7-4668-BE54-9A1E7A4F7556}") = "Aracardexpansion", "Aracardexpansion.csproj", "{79574CC0-10AE-47D8-A5A7-8D42A58CCE8D}"
EndProject
Global
	GlobalSection(SolutionConfigurationPlatforms) = preSolution
		Debug|Any CPU = Debug|Any CPU
		Release|Any CPU = Release|Any CPU
	EndGlobalSection
	GlobalSection(ProjectConfigurationPlatforms) = postSolution
		{79574CC0-10AE-47D8-A5A7-8D42A58CCE8D}.Debug|Any CPU.ActiveCfg = Debug|Any CPU
		{79574CC0-10AE-47D8-A5A7-8D42A58CCE8D}.Debug|Any CPU.Build.0 = Debug|Any CPU
		{79574CC0-10AE-47D8-A5A7-8D42A58CCE8D}.Release|Any CPU.ActiveCfg = Release|Any CPU
		{79574CC0-10AE-47D8-A5A7-8D42A58CCE8D}.Release|Any CPU.Build.0 = Release|Any CPU
	EndGlobalSection
	GlobalSection(SolutionProperties) = preSolution
		HideSolutionNode = FALSE
	EndGlobalSection
	GlobalSection(ExtensibilityGlobals) = postSolution
		SolutionGuid = {85D44A88-871C-48DA-8F95-765BE3A32039}
	EndGlobalSection
EndGlobal
